// !$*UTF8*$!
{
	archiveVersion = 1;
	classes = {
	};
	objectVersion = 46;
	objects = {

/* Begin PBXBuildFile section */
		280A792B19D0F4CC00B47F5F /* SMWeatherClient.m in Sources */ = {isa = PBXBuildFile; fileRef = 280A792A19D0F4CC00B47F5F /* SMWeatherClient.m */; };
		28107BC51A26FDA700E3312A /* SMSwipeExplanationView.m in Sources */ = {isa = PBXBuildFile; fileRef = 28107BC41A26FDA700E3312A /* SMSwipeExplanationView.m */; };
		28107BC81A26FDC200E3312A /* SMSwipeExplanationViewController.m in Sources */ = {isa = PBXBuildFile; fileRef = 28107BC71A26FDC200E3312A /* SMSwipeExplanationViewController.m */; };
		281BE8041A1866EE008037E0 /* CLLocation+Bearing.m in Sources */ = {isa = PBXBuildFile; fileRef = 281BE8021A1866EE008037E0 /* CLLocation+Bearing.m */; };
		281CA7FD1A2171D6007F5E0B /* Images.xcassets in Resources */ = {isa = PBXBuildFile; fileRef = 281CA7FC1A2171D6007F5E0B /* Images.xcassets */; };
		28368D4A1A21A1F10070D392 /* SMWelcomePageViewController.m in Sources */ = {isa = PBXBuildFile; fileRef = 28368D491A21A1F10070D392 /* SMWelcomePageViewController.m */; };
		28368D4D1A21A2290070D392 /* SMWelcomeView.m in Sources */ = {isa = PBXBuildFile; fileRef = 28368D4C1A21A2290070D392 /* SMWelcomeView.m */; };
		28368D501A21B6F80070D392 /* SMDirectionsForPointingPhoneView.m in Sources */ = {isa = PBXBuildFile; fileRef = 28368D4F1A21B6F80070D392 /* SMDirectionsForPointingPhoneView.m */; };
		28368D531A21B75F0070D392 /* SMDirectionsForPointingPhoneViewController.m in Sources */ = {isa = PBXBuildFile; fileRef = 28368D521A21B75E0070D392 /* SMDirectionsForPointingPhoneViewController.m */; };
		284339A61A18895600F2C1AC /* SMExistingLocationsViewController.m in Sources */ = {isa = PBXBuildFile; fileRef = 284339A51A18895600F2C1AC /* SMExistingLocationsViewController.m */; };
		284339A91A18896E00F2C1AC /* SMExistingLocationsView.m in Sources */ = {isa = PBXBuildFile; fileRef = 284339A81A18896E00F2C1AC /* SMExistingLocationsView.m */; };
		284339AC1A188A1400F2C1AC /* SMPlusShapeView.m in Sources */ = {isa = PBXBuildFile; fileRef = 284339AB1A188A1400F2C1AC /* SMPlusShapeView.m */; };
		284339AF1A188B3D00F2C1AC /* UIColor+SMAugmentedRealityAppColors.m in Sources */ = {isa = PBXBuildFile; fileRef = 284339AE1A188B3D00F2C1AC /* UIColor+SMAugmentedRealityAppColors.m */; };
		2855422319D37D16003B9241 /* SMInitialLoadingView.m in Sources */ = {isa = PBXBuildFile; fileRef = 2855422219D37D16003B9241 /* SMInitialLoadingView.m */; };
		2865F07D19D37B0D00CACA4C /* SMStyleKit.m in Sources */ = {isa = PBXBuildFile; fileRef = 2865F07C19D37B0D00CACA4C /* SMStyleKit.m */; };
		28735EF119C007E10057DA64 /* SMBlurredCameraBackgroundView.m in Sources */ = {isa = PBXBuildFile; fileRef = 28735EF019C007E10057DA64 /* SMBlurredCameraBackgroundView.m */; };
		2887D08C19FB410C003DB35F /* SMAddLocationsView.m in Sources */ = {isa = PBXBuildFile; fileRef = 2887D08B19FB410C003DB35F /* SMAddLocationsView.m */; };
		2888770D1A22FFB20023FFF1 /* UIButton+SMBackgroundColorForButton.m in Sources */ = {isa = PBXBuildFile; fileRef = 2888770C1A22FFB20023FFF1 /* UIButton+SMBackgroundColorForButton.m */; };
		288877101A2303C10023FFF1 /* SMDirectionsForAddingLocationsViewController.m in Sources */ = {isa = PBXBuildFile; fileRef = 2888770F1A2303C10023FFF1 /* SMDirectionsForAddingLocationsViewController.m */; };
		288877131A2303D70023FFF1 /* SMDirectionsForAddingLocationsView.m in Sources */ = {isa = PBXBuildFile; fileRef = 288877121A2303D70023FFF1 /* SMDirectionsForAddingLocationsView.m */; };
		288877161A23089C0023FFF1 /* SMAskForPermissionsViewController.m in Sources */ = {isa = PBXBuildFile; fileRef = 288877151A23089C0023FFF1 /* SMAskForPermissionsViewController.m */; };
		288877191A2308B10023FFF1 /* SMAskForPermissionsView.m in Sources */ = {isa = PBXBuildFile; fileRef = 288877181A2308B10023FFF1 /* SMAskForPermissionsView.m */; };
		28978D4C1A0DDD83003C47E4 /* SMLocationModel.m in Sources */ = {isa = PBXBuildFile; fileRef = 28978D4B1A0DDD83003C47E4 /* SMLocationModel.m */; };
		28B45E2419BD2B830018600F /* QuartzCore.framework in Frameworks */ = {isa = PBXBuildFile; fileRef = 28B45E2219BD2B830018600F /* QuartzCore.framework */; };
		28B45E2519BD2B830018600F /* CFNetwork.framework in Frameworks */ = {isa = PBXBuildFile; fileRef = 28B45E2319BD2B830018600F /* CFNetwork.framework */; };
		28B9156D1A190E3C001E3C7D /* SMExistingLocationTableViewCell.m in Sources */ = {isa = PBXBuildFile; fileRef = 28B9156C1A190E3C001E3C7D /* SMExistingLocationTableViewCell.m */; };
		28B915701A19468D001E3C7D /* SMAddNewLocationsViewController.m in Sources */ = {isa = PBXBuildFile; fileRef = 28B9156F1A19468D001E3C7D /* SMAddNewLocationsViewController.m */; };
		28B915731A1946B9001E3C7D /* SMAddNewLocationView.m in Sources */ = {isa = PBXBuildFile; fileRef = 28B915721A1946B9001E3C7D /* SMAddNewLocationView.m */; };
		28B915761A19473A001E3C7D /* SMCustomSearchUITextField.m in Sources */ = {isa = PBXBuildFile; fileRef = 28B915751A19473A001E3C7D /* SMCustomSearchUITextField.m */; };
		28C5D36119F4B4AD00B8AE85 /* SMWeatherLocationsViewController.m in Sources */ = {isa = PBXBuildFile; fileRef = 28C5D36019F4B4AD00B8AE85 /* SMWeatherLocationsViewController.m */; };
		28C78F3819D1259F003D6F50 /* SMWeatherModel.m in Sources */ = {isa = PBXBuildFile; fileRef = 28C78F3719D1259F003D6F50 /* SMWeatherModel.m */; };
		28C78F3B19D12963003D6F50 /* SMWeatherInfo.m in Sources */ = {isa = PBXBuildFile; fileRef = 28C78F3A19D12963003D6F50 /* SMWeatherInfo.m */; };
		28E0FE0519D520DA00F0F8E7 /* SMWeatherInfoCardView.m in Sources */ = {isa = PBXBuildFile; fileRef = 28E0FE0419D520DA00F0F8E7 /* SMWeatherInfoCardView.m */; };
		28E37C6219EC74F500B920E2 /* CoreLocation.framework in Frameworks */ = {isa = PBXBuildFile; fileRef = 28E37C6119EC74F500B920E2 /* CoreLocation.framework */; };
		28E99FD319B6CB2300E327DE /* Foundation.framework in Frameworks */ = {isa = PBXBuildFile; fileRef = 28E99FD219B6CB2300E327DE /* Foundation.framework */; };
		28E99FD519B6CB2300E327DE /* CoreGraphics.framework in Frameworks */ = {isa = PBXBuildFile; fileRef = 28E99FD419B6CB2300E327DE /* CoreGraphics.framework */; };
		28E99FD719B6CB2300E327DE /* UIKit.framework in Frameworks */ = {isa = PBXBuildFile; fileRef = 28E99FD619B6CB2300E327DE /* UIKit.framework */; };
		28E99FDD19B6CB2500E327DE /* InfoPlist.strings in Resources */ = {isa = PBXBuildFile; fileRef = 28E99FDB19B6CB2500E327DE /* InfoPlist.strings */; };
		28E99FDF19B6CB2500E327DE /* main.m in Sources */ = {isa = PBXBuildFile; fileRef = 28E99FDE19B6CB2500E327DE /* main.m */; };
		28E99FE319B6CB2600E327DE /* SMAppDelegate.m in Sources */ = {isa = PBXBuildFile; fileRef = 28E99FE219B6CB2600E327DE /* SMAppDelegate.m */; };
		28E99FE619B6CB2600E327DE /* Main.storyboard in Resources */ = {isa = PBXBuildFile; fileRef = 28E99FE419B6CB2600E327DE /* Main.storyboard */; };
		28E99FE919B6CB2700E327DE /* SMViewController.m in Sources */ = {isa = PBXBuildFile; fileRef = 28E99FE819B6CB2700E327DE /* SMViewController.m */; };
		28E99FF219B6CB2700E327DE /* XCTest.framework in Frameworks */ = {isa = PBXBuildFile; fileRef = 28E99FF119B6CB2700E327DE /* XCTest.framework */; };
		28E99FF319B6CB2700E327DE /* Foundation.framework in Frameworks */ = {isa = PBXBuildFile; fileRef = 28E99FD219B6CB2300E327DE /* Foundation.framework */; };
		28E99FF419B6CB2700E327DE /* UIKit.framework in Frameworks */ = {isa = PBXBuildFile; fileRef = 28E99FD619B6CB2300E327DE /* UIKit.framework */; };
		28E99FFC19B6CB2900E327DE /* InfoPlist.strings in Resources */ = {isa = PBXBuildFile; fileRef = 28E99FFA19B6CB2900E327DE /* InfoPlist.strings */; };
		28E99FFE19B6CB2900E327DE /* AugmentedRealityWeatherAppTests.m in Sources */ = {isa = PBXBuildFile; fileRef = 28E99FFD19B6CB2900E327DE /* AugmentedRealityWeatherAppTests.m */; };
		28E9A00919B6D21100E327DE /* AugmentedRealityWeatherApp.app in Resources */ = {isa = PBXBuildFile; fileRef = 28E99FCF19B6CB2300E327DE /* AugmentedRealityWeatherApp.app */; };
		28E9A00A19B6D21100E327DE /* AugmentedRealityWeatherAppTests.xctest in Resources */ = {isa = PBXBuildFile; fileRef = 28E99FF019B6CB2700E327DE /* AugmentedRealityWeatherAppTests.xctest */; };
		9C341AFEFF3A4A9EA27C00DE /* libPods.a in Frameworks */ = {isa = PBXBuildFile; fileRef = 5C2FC89EE1E349F4B458D23D /* libPods.a */; };
/* End PBXBuildFile section */

/* Begin PBXContainerItemProxy section */
		28E99FF519B6CB2700E327DE /* PBXContainerItemProxy */ = {
			isa = PBXContainerItemProxy;
			containerPortal = 28E99FC719B6CB2300E327DE /* Project object */;
			proxyType = 1;
			remoteGlobalIDString = 28E99FCE19B6CB2300E327DE;
			remoteInfo = AugmentedRealityWeatherApp;
		};
/* End PBXContainerItemProxy section */

/* Begin PBXFileReference section */
		0E91A5B7184E48D388EF6BB1 /* Pods.xcconfig */ = {isa = PBXFileReference; includeInIndex = 1; lastKnownFileType = text.xcconfig; name = Pods.xcconfig; path = Pods/Pods.xcconfig; sourceTree = "<group>"; };
		280A792919D0F4CC00B47F5F /* SMWeatherClient.h */ = {isa = PBXFileReference; fileEncoding = 4; lastKnownFileType = sourcecode.c.h; path = SMWeatherClient.h; sourceTree = "<group>"; };
		280A792A19D0F4CC00B47F5F /* SMWeatherClient.m */ = {isa = PBXFileReference; fileEncoding = 4; lastKnownFileType = sourcecode.c.objc; path = SMWeatherClient.m; sourceTree = "<group>"; };
		28107BC31A26FDA700E3312A /* SMSwipeExplanationView.h */ = {isa = PBXFileReference; fileEncoding = 4; lastKnownFileType = sourcecode.c.h; path = SMSwipeExplanationView.h; sourceTree = "<group>"; };
		28107BC41A26FDA700E3312A /* SMSwipeExplanationView.m */ = {isa = PBXFileReference; fileEncoding = 4; lastKnownFileType = sourcecode.c.objc; path = SMSwipeExplanationView.m; sourceTree = "<group>"; };
		28107BC61A26FDC200E3312A /* SMSwipeExplanationViewController.h */ = {isa = PBXFileReference; fileEncoding = 4; lastKnownFileType = sourcecode.c.h; path = SMSwipeExplanationViewController.h; sourceTree = "<group>"; };
		28107BC71A26FDC200E3312A /* SMSwipeExplanationViewController.m */ = {isa = PBXFileReference; fileEncoding = 4; lastKnownFileType = sourcecode.c.objc; path = SMSwipeExplanationViewController.m; sourceTree = "<group>"; };
		281BE8021A1866EE008037E0 /* CLLocation+Bearing.m */ = {isa = PBXFileReference; fileEncoding = 4; lastKnownFileType = sourcecode.c.objc; path = "CLLocation+Bearing.m"; sourceTree = "<group>"; };
		281BE8031A1866EE008037E0 /* CLLocation+Bearing.h */ = {isa = PBXFileReference; fileEncoding = 4; lastKnownFileType = sourcecode.c.h; path = "CLLocation+Bearing.h"; sourceTree = "<group>"; };
		281CA7FC1A2171D6007F5E0B /* Images.xcassets */ = {isa = PBXFileReference; lastKnownFileType = folder.assetcatalog; path = Images.xcassets; sourceTree = "<group>"; };
		28368D481A21A1F10070D392 /* SMWelcomePageViewController.h */ = {isa = PBXFileReference; fileEncoding = 4; lastKnownFileType = sourcecode.c.h; path = SMWelcomePageViewController.h; sourceTree = "<group>"; };
		28368D491A21A1F10070D392 /* SMWelcomePageViewController.m */ = {isa = PBXFileReference; fileEncoding = 4; lastKnownFileType = sourcecode.c.objc; path = SMWelcomePageViewController.m; sourceTree = "<group>"; };
		28368D4B1A21A2290070D392 /* SMWelcomeView.h */ = {isa = PBXFileReference; fileEncoding = 4; lastKnownFileType = sourcecode.c.h; path = SMWelcomeView.h; sourceTree = "<group>"; };
		28368D4C1A21A2290070D392 /* SMWelcomeView.m */ = {isa = PBXFileReference; fileEncoding = 4; lastKnownFileType = sourcecode.c.objc; path = SMWelcomeView.m; sourceTree = "<group>"; };
		28368D4E1A21B6F80070D392 /* SMDirectionsForPointingPhoneView.h */ = {isa = PBXFileReference; fileEncoding = 4; lastKnownFileType = sourcecode.c.h; path = SMDirectionsForPointingPhoneView.h; sourceTree = "<group>"; };
		28368D4F1A21B6F80070D392 /* SMDirectionsForPointingPhoneView.m */ = {isa = PBXFileReference; fileEncoding = 4; lastKnownFileType = sourcecode.c.objc; path = SMDirectionsForPointingPhoneView.m; sourceTree = "<group>"; };
		28368D511A21B75E0070D392 /* SMDirectionsForPointingPhoneViewController.h */ = {isa = PBXFileReference; fileEncoding = 4; lastKnownFileType = sourcecode.c.h; path = SMDirectionsForPointingPhoneViewController.h; sourceTree = "<group>"; };
		28368D521A21B75E0070D392 /* SMDirectionsForPointingPhoneViewController.m */ = {isa = PBXFileReference; fileEncoding = 4; lastKnownFileType = sourcecode.c.objc; path = SMDirectionsForPointingPhoneViewController.m; sourceTree = "<group>"; };
		284339A41A18895600F2C1AC /* SMExistingLocationsViewController.h */ = {isa = PBXFileReference; fileEncoding = 4; lastKnownFileType = sourcecode.c.h; path = SMExistingLocationsViewController.h; sourceTree = "<group>"; };
		284339A51A18895600F2C1AC /* SMExistingLocationsViewController.m */ = {isa = PBXFileReference; fileEncoding = 4; lastKnownFileType = sourcecode.c.objc; path = SMExistingLocationsViewController.m; sourceTree = "<group>"; };
		284339A71A18896E00F2C1AC /* SMExistingLocationsView.h */ = {isa = PBXFileReference; fileEncoding = 4; lastKnownFileType = sourcecode.c.h; path = SMExistingLocationsView.h; sourceTree = "<group>"; };
		284339A81A18896E00F2C1AC /* SMExistingLocationsView.m */ = {isa = PBXFileReference; fileEncoding = 4; lastKnownFileType = sourcecode.c.objc; path = SMExistingLocationsView.m; sourceTree = "<group>"; };
		284339AA1A188A1400F2C1AC /* SMPlusShapeView.h */ = {isa = PBXFileReference; fileEncoding = 4; lastKnownFileType = sourcecode.c.h; path = SMPlusShapeView.h; sourceTree = "<group>"; };
		284339AB1A188A1400F2C1AC /* SMPlusShapeView.m */ = {isa = PBXFileReference; fileEncoding = 4; lastKnownFileType = sourcecode.c.objc; path = SMPlusShapeView.m; sourceTree = "<group>"; };
		284339AD1A188B3D00F2C1AC /* UIColor+SMAugmentedRealityAppColors.h */ = {isa = PBXFileReference; fileEncoding = 4; lastKnownFileType = sourcecode.c.h; path = "UIColor+SMAugmentedRealityAppColors.h"; sourceTree = "<group>"; };
		284339AE1A188B3D00F2C1AC /* UIColor+SMAugmentedRealityAppColors.m */ = {isa = PBXFileReference; fileEncoding = 4; lastKnownFileType = sourcecode.c.objc; path = "UIColor+SMAugmentedRealityAppColors.m"; sourceTree = "<group>"; };
		284339B01A188DA300F2C1AC /* Avenir.ttc */ = {isa = PBXFileReference; lastKnownFileType = file; path = Avenir.ttc; sourceTree = "<group>"; };
		2855422119D37D16003B9241 /* SMInitialLoadingView.h */ = {isa = PBXFileReference; fileEncoding = 4; lastKnownFileType = sourcecode.c.h; path = SMInitialLoadingView.h; sourceTree = "<group>"; };
		2855422219D37D16003B9241 /* SMInitialLoadingView.m */ = {isa = PBXFileReference; fileEncoding = 4; lastKnownFileType = sourcecode.c.objc; path = SMInitialLoadingView.m; sourceTree = "<group>"; };
		2865F07B19D37B0D00CACA4C /* SMStyleKit.h */ = {isa = PBXFileReference; fileEncoding = 4; lastKnownFileType = sourcecode.c.h; path = SMStyleKit.h; sourceTree = "<group>"; };
		2865F07C19D37B0D00CACA4C /* SMStyleKit.m */ = {isa = PBXFileReference; fileEncoding = 4; lastKnownFileType = sourcecode.c.objc; path = SMStyleKit.m; sourceTree = "<group>"; };
		28735EEF19C007E10057DA64 /* SMBlurredCameraBackgroundView.h */ = {isa = PBXFileReference; fileEncoding = 4; lastKnownFileType = sourcecode.c.h; path = SMBlurredCameraBackgroundView.h; sourceTree = "<group>"; };
		28735EF019C007E10057DA64 /* SMBlurredCameraBackgroundView.m */ = {isa = PBXFileReference; fileEncoding = 4; lastKnownFileType = sourcecode.c.objc; path = SMBlurredCameraBackgroundView.m; sourceTree = "<group>"; };
		2887D08A19FB410C003DB35F /* SMAddLocationsView.h */ = {isa = PBXFileReference; fileEncoding = 4; lastKnownFileType = sourcecode.c.h; path = SMAddLocationsView.h; sourceTree = "<group>"; };
		2887D08B19FB410C003DB35F /* SMAddLocationsView.m */ = {isa = PBXFileReference; fileEncoding = 4; lastKnownFileType = sourcecode.c.objc; path = SMAddLocationsView.m; sourceTree = "<group>"; };
		2888770B1A22FFB20023FFF1 /* UIButton+SMBackgroundColorForButton.h */ = {isa = PBXFileReference; fileEncoding = 4; lastKnownFileType = sourcecode.c.h; path = "UIButton+SMBackgroundColorForButton.h"; sourceTree = "<group>"; };
		2888770C1A22FFB20023FFF1 /* UIButton+SMBackgroundColorForButton.m */ = {isa = PBXFileReference; fileEncoding = 4; lastKnownFileType = sourcecode.c.objc; path = "UIButton+SMBackgroundColorForButton.m"; sourceTree = "<group>"; };
		2888770E1A2303C10023FFF1 /* SMDirectionsForAddingLocationsViewController.h */ = {isa = PBXFileReference; fileEncoding = 4; lastKnownFileType = sourcecode.c.h; path = SMDirectionsForAddingLocationsViewController.h; sourceTree = "<group>"; };
		2888770F1A2303C10023FFF1 /* SMDirectionsForAddingLocationsViewController.m */ = {isa = PBXFileReference; fileEncoding = 4; lastKnownFileType = sourcecode.c.objc; path = SMDirectionsForAddingLocationsViewController.m; sourceTree = "<group>"; };
		288877111A2303D70023FFF1 /* SMDirectionsForAddingLocationsView.h */ = {isa = PBXFileReference; fileEncoding = 4; lastKnownFileType = sourcecode.c.h; path = SMDirectionsForAddingLocationsView.h; sourceTree = "<group>"; };
		288877121A2303D70023FFF1 /* SMDirectionsForAddingLocationsView.m */ = {isa = PBXFileReference; fileEncoding = 4; lastKnownFileType = sourcecode.c.objc; path = SMDirectionsForAddingLocationsView.m; sourceTree = "<group>"; };
		288877141A23089C0023FFF1 /* SMAskForPermissionsViewController.h */ = {isa = PBXFileReference; fileEncoding = 4; lastKnownFileType = sourcecode.c.h; path = SMAskForPermissionsViewController.h; sourceTree = "<group>"; };
		288877151A23089C0023FFF1 /* SMAskForPermissionsViewController.m */ = {isa = PBXFileReference; fileEncoding = 4; lastKnownFileType = sourcecode.c.objc; path = SMAskForPermissionsViewController.m; sourceTree = "<group>"; };
		288877171A2308B10023FFF1 /* SMAskForPermissionsView.h */ = {isa = PBXFileReference; fileEncoding = 4; lastKnownFileType = sourcecode.c.h; path = SMAskForPermissionsView.h; sourceTree = "<group>"; };
		288877181A2308B10023FFF1 /* SMAskForPermissionsView.m */ = {isa = PBXFileReference; fileEncoding = 4; lastKnownFileType = sourcecode.c.objc; path = SMAskForPermissionsView.m; sourceTree = "<group>"; };
		28978D4A1A0DDD83003C47E4 /* SMLocationModel.h */ = {isa = PBXFileReference; fileEncoding = 4; lastKnownFileType = sourcecode.c.h; path = SMLocationModel.h; sourceTree = "<group>"; };
		28978D4B1A0DDD83003C47E4 /* SMLocationModel.m */ = {isa = PBXFileReference; fileEncoding = 4; lastKnownFileType = sourcecode.c.objc; path = SMLocationModel.m; sourceTree = "<group>"; };
		28B45E2219BD2B830018600F /* QuartzCore.framework */ = {isa = PBXFileReference; lastKnownFileType = wrapper.framework; name = QuartzCore.framework; path = System/Library/Frameworks/QuartzCore.framework; sourceTree = SDKROOT; };
		28B45E2319BD2B830018600F /* CFNetwork.framework */ = {isa = PBXFileReference; lastKnownFileType = wrapper.framework; name = CFNetwork.framework; path = System/Library/Frameworks/CFNetwork.framework; sourceTree = SDKROOT; };
		28B9156B1A190E3C001E3C7D /* SMExistingLocationTableViewCell.h */ = {isa = PBXFileReference; fileEncoding = 4; lastKnownFileType = sourcecode.c.h; path = SMExistingLocationTableViewCell.h; sourceTree = "<group>"; };
		28B9156C1A190E3C001E3C7D /* SMExistingLocationTableViewCell.m */ = {isa = PBXFileReference; fileEncoding = 4; lastKnownFileType = sourcecode.c.objc; path = SMExistingLocationTableViewCell.m; sourceTree = "<group>"; };
		28B9156E1A19468D001E3C7D /* SMAddNewLocationsViewController.h */ = {isa = PBXFileReference; fileEncoding = 4; lastKnownFileType = sourcecode.c.h; path = SMAddNewLocationsViewController.h; sourceTree = "<group>"; };
		28B9156F1A19468D001E3C7D /* SMAddNewLocationsViewController.m */ = {isa = PBXFileReference; fileEncoding = 4; lastKnownFileType = sourcecode.c.objc; path = SMAddNewLocationsViewController.m; sourceTree = "<group>"; };
		28B915711A1946B9001E3C7D /* SMAddNewLocationView.h */ = {isa = PBXFileReference; fileEncoding = 4; lastKnownFileType = sourcecode.c.h; path = SMAddNewLocationView.h; sourceTree = "<group>"; };
		28B915721A1946B9001E3C7D /* SMAddNewLocationView.m */ = {isa = PBXFileReference; fileEncoding = 4; lastKnownFileType = sourcecode.c.objc; path = SMAddNewLocationView.m; sourceTree = "<group>"; };
		28B915741A19473A001E3C7D /* SMCustomSearchUITextField.h */ = {isa = PBXFileReference; fileEncoding = 4; lastKnownFileType = sourcecode.c.h; path = SMCustomSearchUITextField.h; sourceTree = "<group>"; };
		28B915751A19473A001E3C7D /* SMCustomSearchUITextField.m */ = {isa = PBXFileReference; fileEncoding = 4; lastKnownFileType = sourcecode.c.objc; path = SMCustomSearchUITextField.m; sourceTree = "<group>"; };
		28C5D35F19F4B4AD00B8AE85 /* SMWeatherLocationsViewController.h */ = {isa = PBXFileReference; fileEncoding = 4; lastKnownFileType = sourcecode.c.h; path = SMWeatherLocationsViewController.h; sourceTree = "<group>"; };
		28C5D36019F4B4AD00B8AE85 /* SMWeatherLocationsViewController.m */ = {isa = PBXFileReference; fileEncoding = 4; lastKnownFileType = sourcecode.c.objc; path = SMWeatherLocationsViewController.m; sourceTree = "<group>"; };
		28C78F3619D1259F003D6F50 /* SMWeatherModel.h */ = {isa = PBXFileReference; fileEncoding = 4; lastKnownFileType = sourcecode.c.h; path = SMWeatherModel.h; sourceTree = "<group>"; };
		28C78F3719D1259F003D6F50 /* SMWeatherModel.m */ = {isa = PBXFileReference; fileEncoding = 4; lastKnownFileType = sourcecode.c.objc; path = SMWeatherModel.m; sourceTree = "<group>"; };
		28C78F3919D12963003D6F50 /* SMWeatherInfo.h */ = {isa = PBXFileReference; fileEncoding = 4; lastKnownFileType = sourcecode.c.h; path = SMWeatherInfo.h; sourceTree = "<group>"; };
		28C78F3A19D12963003D6F50 /* SMWeatherInfo.m */ = {isa = PBXFileReference; fileEncoding = 4; lastKnownFileType = sourcecode.c.objc; path = SMWeatherInfo.m; sourceTree = "<group>"; };
		28E0FE0319D520DA00F0F8E7 /* SMWeatherInfoCardView.h */ = {isa = PBXFileReference; fileEncoding = 4; lastKnownFileType = sourcecode.c.h; path = SMWeatherInfoCardView.h; sourceTree = "<group>"; };
		28E0FE0419D520DA00F0F8E7 /* SMWeatherInfoCardView.m */ = {isa = PBXFileReference; fileEncoding = 4; lastKnownFileType = sourcecode.c.objc; path = SMWeatherInfoCardView.m; sourceTree = "<group>"; };
		28E37C6119EC74F500B920E2 /* CoreLocation.framework */ = {isa = PBXFileReference; lastKnownFileType = wrapper.framework; name = CoreLocation.framework; path = System/Library/Frameworks/CoreLocation.framework; sourceTree = SDKROOT; };
		28E99FCF19B6CB2300E327DE /* AugmentedRealityWeatherApp.app */ = {isa = PBXFileReference; explicitFileType = wrapper.application; includeInIndex = 0; path = AugmentedRealityWeatherApp.app; sourceTree = BUILT_PRODUCTS_DIR; };
		28E99FD219B6CB2300E327DE /* Foundation.framework */ = {isa = PBXFileReference; lastKnownFileType = wrapper.framework; name = Foundation.framework; path = System/Library/Frameworks/Foundation.framework; sourceTree = SDKROOT; };
		28E99FD419B6CB2300E327DE /* CoreGraphics.framework */ = {isa = PBXFileReference; lastKnownFileType = wrapper.framework; name = CoreGraphics.framework; path = System/Library/Frameworks/CoreGraphics.framework; sourceTree = SDKROOT; };
		28E99FD619B6CB2300E327DE /* UIKit.framework */ = {isa = PBXFileReference; lastKnownFileType = wrapper.framework; name = UIKit.framework; path = System/Library/Frameworks/UIKit.framework; sourceTree = SDKROOT; };
		28E99FDA19B6CB2400E327DE /* AugmentedRealityWeatherApp-Info.plist */ = {isa = PBXFileReference; lastKnownFileType = text.plist.xml; path = "AugmentedRealityWeatherApp-Info.plist"; sourceTree = "<group>"; };
		28E99FDC19B6CB2500E327DE /* en */ = {isa = PBXFileReference; lastKnownFileType = text.plist.strings; name = en; path = en.lproj/InfoPlist.strings; sourceTree = "<group>"; };
		28E99FDE19B6CB2500E327DE /* main.m */ = {isa = PBXFileReference; lastKnownFileType = sourcecode.c.objc; path = main.m; sourceTree = "<group>"; };
		28E99FE019B6CB2500E327DE /* AugmentedRealityWeatherApp-Prefix.pch */ = {isa = PBXFileReference; lastKnownFileType = sourcecode.c.h; path = "AugmentedRealityWeatherApp-Prefix.pch"; sourceTree = "<group>"; };
		28E99FE119B6CB2600E327DE /* SMAppDelegate.h */ = {isa = PBXFileReference; lastKnownFileType = sourcecode.c.h; path = SMAppDelegate.h; sourceTree = "<group>"; };
		28E99FE219B6CB2600E327DE /* SMAppDelegate.m */ = {isa = PBXFileReference; lastKnownFileType = sourcecode.c.objc; path = SMAppDelegate.m; sourceTree = "<group>"; };
		28E99FE519B6CB2600E327DE /* Base */ = {isa = PBXFileReference; lastKnownFileType = file.storyboard; name = Base; path = Base.lproj/Main.storyboard; sourceTree = "<group>"; };
		28E99FE719B6CB2700E327DE /* SMViewController.h */ = {isa = PBXFileReference; lastKnownFileType = sourcecode.c.h; path = SMViewController.h; sourceTree = "<group>"; };
		28E99FE819B6CB2700E327DE /* SMViewController.m */ = {isa = PBXFileReference; lastKnownFileType = sourcecode.c.objc; path = SMViewController.m; sourceTree = "<group>"; };
		28E99FF019B6CB2700E327DE /* AugmentedRealityWeatherAppTests.xctest */ = {isa = PBXFileReference; explicitFileType = wrapper.cfbundle; includeInIndex = 0; path = AugmentedRealityWeatherAppTests.xctest; sourceTree = BUILT_PRODUCTS_DIR; };
		28E99FF119B6CB2700E327DE /* XCTest.framework */ = {isa = PBXFileReference; lastKnownFileType = wrapper.framework; name = XCTest.framework; path = Library/Frameworks/XCTest.framework; sourceTree = DEVELOPER_DIR; };
		28E99FF919B6CB2800E327DE /* AugmentedRealityWeatherAppTests-Info.plist */ = {isa = PBXFileReference; lastKnownFileType = text.plist.xml; path = "AugmentedRealityWeatherAppTests-Info.plist"; sourceTree = "<group>"; };
		28E99FFB19B6CB2900E327DE /* en */ = {isa = PBXFileReference; lastKnownFileType = text.plist.strings; name = en; path = en.lproj/InfoPlist.strings; sourceTree = "<group>"; };
		28E99FFD19B6CB2900E327DE /* AugmentedRealityWeatherAppTests.m */ = {isa = PBXFileReference; lastKnownFileType = sourcecode.c.objc; path = AugmentedRealityWeatherAppTests.m; sourceTree = "<group>"; };
		5C2FC89EE1E349F4B458D23D /* libPods.a */ = {isa = PBXFileReference; explicitFileType = archive.ar; includeInIndex = 0; path = libPods.a; sourceTree = BUILT_PRODUCTS_DIR; };
/* End PBXFileReference section */

/* Begin PBXFrameworksBuildPhase section */
		28E99FCC19B6CB2300E327DE /* Frameworks */ = {
			isa = PBXFrameworksBuildPhase;
			buildActionMask = 2147483647;
			files = (
				28E37C6219EC74F500B920E2 /* CoreLocation.framework in Frameworks */,
				28B45E2419BD2B830018600F /* QuartzCore.framework in Frameworks */,
				28E99FD319B6CB2300E327DE /* Foundation.framework in Frameworks */,
				28B45E2519BD2B830018600F /* CFNetwork.framework in Frameworks */,
				28E99FD519B6CB2300E327DE /* CoreGraphics.framework in Frameworks */,
				28E99FD719B6CB2300E327DE /* UIKit.framework in Frameworks */,
				9C341AFEFF3A4A9EA27C00DE /* libPods.a in Frameworks */,
			);
			runOnlyForDeploymentPostprocessing = 0;
		};
		28E99FED19B6CB2700E327DE /* Frameworks */ = {
			isa = PBXFrameworksBuildPhase;
			buildActionMask = 2147483647;
			files = (
				28E99FF219B6CB2700E327DE /* XCTest.framework in Frameworks */,
				28E99FF419B6CB2700E327DE /* UIKit.framework in Frameworks */,
				28E99FF319B6CB2700E327DE /* Foundation.framework in Frameworks */,
			);
			runOnlyForDeploymentPostprocessing = 0;
		};
/* End PBXFrameworksBuildPhase section */

/* Begin PBXGroup section */
		2887D08719FB403C003DB35F /* View Controllers */ = {
			isa = PBXGroup;
			children = (
				28E99FE119B6CB2600E327DE /* SMAppDelegate.h */,
				28E99FE219B6CB2600E327DE /* SMAppDelegate.m */,
				28E99FE719B6CB2700E327DE /* SMViewController.h */,
				28E99FE819B6CB2700E327DE /* SMViewController.m */,
				28C5D35F19F4B4AD00B8AE85 /* SMWeatherLocationsViewController.h */,
				28C5D36019F4B4AD00B8AE85 /* SMWeatherLocationsViewController.m */,
				284339A41A18895600F2C1AC /* SMExistingLocationsViewController.h */,
				284339A51A18895600F2C1AC /* SMExistingLocationsViewController.m */,
				28B9156E1A19468D001E3C7D /* SMAddNewLocationsViewController.h */,
				28B9156F1A19468D001E3C7D /* SMAddNewLocationsViewController.m */,
				28368D481A21A1F10070D392 /* SMWelcomePageViewController.h */,
				28368D491A21A1F10070D392 /* SMWelcomePageViewController.m */,
				28368D511A21B75E0070D392 /* SMDirectionsForPointingPhoneViewController.h */,
				28368D521A21B75E0070D392 /* SMDirectionsForPointingPhoneViewController.m */,
				2888770E1A2303C10023FFF1 /* SMDirectionsForAddingLocationsViewController.h */,
				2888770F1A2303C10023FFF1 /* SMDirectionsForAddingLocationsViewController.m */,
				288877141A23089C0023FFF1 /* SMAskForPermissionsViewController.h */,
				288877151A23089C0023FFF1 /* SMAskForPermissionsViewController.m */,
				28107BC61A26FDC200E3312A /* SMSwipeExplanationViewController.h */,
				28107BC71A26FDC200E3312A /* SMSwipeExplanationViewController.m */,
			);
			name = "View Controllers";
			sourceTree = "<group>";
		};
		2887D08819FB4066003DB35F /* Models */ = {
			isa = PBXGroup;
			children = (
				280A792919D0F4CC00B47F5F /* SMWeatherClient.h */,
				280A792A19D0F4CC00B47F5F /* SMWeatherClient.m */,
				28C78F3619D1259F003D6F50 /* SMWeatherModel.h */,
				28C78F3719D1259F003D6F50 /* SMWeatherModel.m */,
				28C78F3919D12963003D6F50 /* SMWeatherInfo.h */,
				28C78F3A19D12963003D6F50 /* SMWeatherInfo.m */,
				28978D4A1A0DDD83003C47E4 /* SMLocationModel.h */,
				28978D4B1A0DDD83003C47E4 /* SMLocationModel.m */,
				2888770B1A22FFB20023FFF1 /* UIButton+SMBackgroundColorForButton.h */,
				2888770C1A22FFB20023FFF1 /* UIButton+SMBackgroundColorForButton.m */,
			);
			name = Models;
			sourceTree = "<group>";
		};
		2887D08919FB407C003DB35F /* Views */ = {
			isa = PBXGroup;
			children = (
				284339AA1A188A1400F2C1AC /* SMPlusShapeView.h */,
				284339AB1A188A1400F2C1AC /* SMPlusShapeView.m */,
				2855422119D37D16003B9241 /* SMInitialLoadingView.h */,
				2855422219D37D16003B9241 /* SMInitialLoadingView.m */,
				28E0FE0319D520DA00F0F8E7 /* SMWeatherInfoCardView.h */,
				28E0FE0419D520DA00F0F8E7 /* SMWeatherInfoCardView.m */,
				28735EEF19C007E10057DA64 /* SMBlurredCameraBackgroundView.h */,
				28735EF019C007E10057DA64 /* SMBlurredCameraBackgroundView.m */,
				2887D08A19FB410C003DB35F /* SMAddLocationsView.h */,
				2887D08B19FB410C003DB35F /* SMAddLocationsView.m */,
				284339A71A18896E00F2C1AC /* SMExistingLocationsView.h */,
				284339A81A18896E00F2C1AC /* SMExistingLocationsView.m */,
				28B9156B1A190E3C001E3C7D /* SMExistingLocationTableViewCell.h */,
				28B9156C1A190E3C001E3C7D /* SMExistingLocationTableViewCell.m */,
				28B915711A1946B9001E3C7D /* SMAddNewLocationView.h */,
				28B915721A1946B9001E3C7D /* SMAddNewLocationView.m */,
				28B915741A19473A001E3C7D /* SMCustomSearchUITextField.h */,
				28B915751A19473A001E3C7D /* SMCustomSearchUITextField.m */,
				281CA7FC1A2171D6007F5E0B /* Images.xcassets */,
				28368D4B1A21A2290070D392 /* SMWelcomeView.h */,
				28368D4C1A21A2290070D392 /* SMWelcomeView.m */,
				28368D4E1A21B6F80070D392 /* SMDirectionsForPointingPhoneView.h */,
				28368D4F1A21B6F80070D392 /* SMDirectionsForPointingPhoneView.m */,
				288877111A2303D70023FFF1 /* SMDirectionsForAddingLocationsView.h */,
				288877121A2303D70023FFF1 /* SMDirectionsForAddingLocationsView.m */,
				288877171A2308B10023FFF1 /* SMAskForPermissionsView.h */,
				288877181A2308B10023FFF1 /* SMAskForPermissionsView.m */,
				28107BC31A26FDA700E3312A /* SMSwipeExplanationView.h */,
				28107BC41A26FDA700E3312A /* SMSwipeExplanationView.m */,
			);
			name = Views;
			sourceTree = "<group>";
		};
		28E99FC619B6CB2300E327DE = {
			isa = PBXGroup;
			children = (
				28E99FD819B6CB2400E327DE /* AugmentedRealityWeatherApp */,
				28E99FF719B6CB2700E327DE /* AugmentedRealityWeatherAppTests */,
				28E99FD119B6CB2300E327DE /* Frameworks */,
				28E99FD019B6CB2300E327DE /* Products */,
				0E91A5B7184E48D388EF6BB1 /* Pods.xcconfig */,
			);
			sourceTree = "<group>";
		};
		28E99FD019B6CB2300E327DE /* Products */ = {
			isa = PBXGroup;
			children = (
				28E99FCF19B6CB2300E327DE /* AugmentedRealityWeatherApp.app */,
				28E99FF019B6CB2700E327DE /* AugmentedRealityWeatherAppTests.xctest */,
			);
			name = Products;
			sourceTree = "<group>";
		};
		28E99FD119B6CB2300E327DE /* Frameworks */ = {
			isa = PBXGroup;
			children = (
				28E37C6119EC74F500B920E2 /* CoreLocation.framework */,
				28B45E2219BD2B830018600F /* QuartzCore.framework */,
				28B45E2319BD2B830018600F /* CFNetwork.framework */,
				28E99FD219B6CB2300E327DE /* Foundation.framework */,
				28E99FD419B6CB2300E327DE /* CoreGraphics.framework */,
				28E99FD619B6CB2300E327DE /* UIKit.framework */,
				28E99FF119B6CB2700E327DE /* XCTest.framework */,
				5C2FC89EE1E349F4B458D23D /* libPods.a */,
			);
			name = Frameworks;
			sourceTree = "<group>";
		};
		28E99FD819B6CB2400E327DE /* AugmentedRealityWeatherApp */ = {
			isa = PBXGroup;
			children = (
				28E99FE419B6CB2600E327DE /* Main.storyboard */,
				2887D08719FB403C003DB35F /* View Controllers */,
				2887D08819FB4066003DB35F /* Models */,
				2887D08919FB407C003DB35F /* Views */,
				28E99FD919B6CB2400E327DE /* Supporting Files */,
			);
			path = AugmentedRealityWeatherApp;
			sourceTree = "<group>";
		};
		28E99FD919B6CB2400E327DE /* Supporting Files */ = {
			isa = PBXGroup;
			children = (
				284339B01A188DA300F2C1AC /* Avenir.ttc */,
				281BE8021A1866EE008037E0 /* CLLocation+Bearing.m */,
				281BE8031A1866EE008037E0 /* CLLocation+Bearing.h */,
				2865F07B19D37B0D00CACA4C /* SMStyleKit.h */,
				2865F07C19D37B0D00CACA4C /* SMStyleKit.m */,
				28E99FDA19B6CB2400E327DE /* AugmentedRealityWeatherApp-Info.plist */,
				28E99FDB19B6CB2500E327DE /* InfoPlist.strings */,
				28E99FDE19B6CB2500E327DE /* main.m */,
				28E99FE019B6CB2500E327DE /* AugmentedRealityWeatherApp-Prefix.pch */,
				284339AD1A188B3D00F2C1AC /* UIColor+SMAugmentedRealityAppColors.h */,
				284339AE1A188B3D00F2C1AC /* UIColor+SMAugmentedRealityAppColors.m */,
			);
			name = "Supporting Files";
			sourceTree = "<group>";
		};
		28E99FF719B6CB2700E327DE /* AugmentedRealityWeatherAppTests */ = {
			isa = PBXGroup;
			children = (
				28E99FFD19B6CB2900E327DE /* AugmentedRealityWeatherAppTests.m */,
				28E99FF819B6CB2800E327DE /* Supporting Files */,
			);
			path = AugmentedRealityWeatherAppTests;
			sourceTree = "<group>";
		};
		28E99FF819B6CB2800E327DE /* Supporting Files */ = {
			isa = PBXGroup;
			children = (
				28E99FF919B6CB2800E327DE /* AugmentedRealityWeatherAppTests-Info.plist */,
				28E99FFA19B6CB2900E327DE /* InfoPlist.strings */,
			);
			name = "Supporting Files";
			sourceTree = "<group>";
		};
/* End PBXGroup section */

/* Begin PBXNativeTarget section */
		28E99FCE19B6CB2300E327DE /* AugmentedRealityWeatherApp */ = {
			isa = PBXNativeTarget;
			buildConfigurationList = 28E9A00119B6CB2900E327DE /* Build configuration list for PBXNativeTarget "AugmentedRealityWeatherApp" */;
			buildPhases = (
				58A9F45D304546AFA02927EA /* Check Pods Manifest.lock */,
				28E99FCB19B6CB2300E327DE /* Sources */,
				28E99FCC19B6CB2300E327DE /* Frameworks */,
				28E99FCD19B6CB2300E327DE /* Resources */,
				B7D10EA28ACD4C2BAF16C7FA /* Copy Pods Resources */,
			);
			buildRules = (
			);
			dependencies = (
			);
			name = AugmentedRealityWeatherApp;
			productName = AugmentedRealityWeatherApp;
			productReference = 28E99FCF19B6CB2300E327DE /* AugmentedRealityWeatherApp.app */;
			productType = "com.apple.product-type.application";
		};
		28E99FEF19B6CB2700E327DE /* AugmentedRealityWeatherAppTests */ = {
			isa = PBXNativeTarget;
			buildConfigurationList = 28E9A00419B6CB2900E327DE /* Build configuration list for PBXNativeTarget "AugmentedRealityWeatherAppTests" */;
			buildPhases = (
				28E99FEC19B6CB2700E327DE /* Sources */,
				28E99FED19B6CB2700E327DE /* Frameworks */,
				28E99FEE19B6CB2700E327DE /* Resources */,
			);
			buildRules = (
			);
			dependencies = (
				28E99FF619B6CB2700E327DE /* PBXTargetDependency */,
			);
			name = AugmentedRealityWeatherAppTests;
			productName = AugmentedRealityWeatherAppTests;
			productReference = 28E99FF019B6CB2700E327DE /* AugmentedRealityWeatherAppTests.xctest */;
			productType = "com.apple.product-type.bundle.unit-test";
		};
/* End PBXNativeTarget section */

/* Begin PBXProject section */
		28E99FC719B6CB2300E327DE /* Project object */ = {
			isa = PBXProject;
			attributes = {
				CLASSPREFIX = SM;
				LastUpgradeCheck = 0510;
				ORGANIZATIONNAME = "True Merit Development";
				TargetAttributes = {
					28E99FCE19B6CB2300E327DE = {
						DevelopmentTeam = W5PAS38F44;
					};
					28E99FEF19B6CB2700E327DE = {
						TestTargetID = 28E99FCE19B6CB2300E327DE;
					};
				};
			};
			buildConfigurationList = 28E99FCA19B6CB2300E327DE /* Build configuration list for PBXProject "AugmentedRealityWeatherApp" */;
			compatibilityVersion = "Xcode 3.2";
			developmentRegion = English;
			hasScannedForEncodings = 0;
			knownRegions = (
				en,
				Base,
			);
			mainGroup = 28E99FC619B6CB2300E327DE;
			productRefGroup = 28E99FD019B6CB2300E327DE /* Products */;
			projectDirPath = "";
			projectRoot = "";
			targets = (
				28E99FCE19B6CB2300E327DE /* AugmentedRealityWeatherApp */,
				28E99FEF19B6CB2700E327DE /* AugmentedRealityWeatherAppTests */,
			);
		};
/* End PBXProject section */

/* Begin PBXResourcesBuildPhase section */
		28E99FCD19B6CB2300E327DE /* Resources */ = {
			isa = PBXResourcesBuildPhase;
			buildActionMask = 2147483647;
			files = (
				281CA7FD1A2171D6007F5E0B /* Images.xcassets in Resources */,
				28E99FDD19B6CB2500E327DE /* InfoPlist.strings in Resources */,
				28E99FE619B6CB2600E327DE /* Main.storyboard in Resources */,
			);
			runOnlyForDeploymentPostprocessing = 0;
		};
		28E99FEE19B6CB2700E327DE /* Resources */ = {
			isa = PBXResourcesBuildPhase;
			buildActionMask = 2147483647;
			files = (
				28E9A00919B6D21100E327DE /* AugmentedRealityWeatherApp.app in Resources */,
				28E99FFC19B6CB2900E327DE /* InfoPlist.strings in Resources */,
				28E9A00A19B6D21100E327DE /* AugmentedRealityWeatherAppTests.xctest in Resources */,
			);
			runOnlyForDeploymentPostprocessing = 0;
		};
/* End PBXResourcesBuildPhase section */

/* Begin PBXShellScriptBuildPhase section */
		58A9F45D304546AFA02927EA /* Check Pods Manifest.lock */ = {
			isa = PBXShellScriptBuildPhase;
			buildActionMask = 2147483647;
			files = (
			);
			inputPaths = (
			);
			name = "Check Pods Manifest.lock";
			outputPaths = (
			);
			runOnlyForDeploymentPostprocessing = 0;
			shellPath = /bin/sh;
			shellScript = "diff \"${PODS_ROOT}/../Podfile.lock\" \"${PODS_ROOT}/Manifest.lock\" > /dev/null\nif [[ $? != 0 ]] ; then\n    cat << EOM\nerror: The sandbox is not in sync with the Podfile.lock. Run 'pod install' or update your CocoaPods installation.\nEOM\n    exit 1\nfi\n";
			showEnvVarsInLog = 0;
		};
		B7D10EA28ACD4C2BAF16C7FA /* Copy Pods Resources */ = {
			isa = PBXShellScriptBuildPhase;
			buildActionMask = 2147483647;
			files = (
			);
			inputPaths = (
			);
			name = "Copy Pods Resources";
			outputPaths = (
			);
			runOnlyForDeploymentPostprocessing = 0;
			shellPath = /bin/sh;
			shellScript = "\"${SRCROOT}/Pods/Pods-resources.sh\"\n";
			showEnvVarsInLog = 0;
		};
/* End PBXShellScriptBuildPhase section */

/* Begin PBXSourcesBuildPhase section */
		28E99FCB19B6CB2300E327DE /* Sources */ = {
			isa = PBXSourcesBuildPhase;
			buildActionMask = 2147483647;
			files = (
				2865F07D19D37B0D00CACA4C /* SMStyleKit.m in Sources */,
				2888770D1A22FFB20023FFF1 /* UIButton+SMBackgroundColorForButton.m in Sources */,
				28E0FE0519D520DA00F0F8E7 /* SMWeatherInfoCardView.m in Sources */,
				28B915701A19468D001E3C7D /* SMAddNewLocationsViewController.m in Sources */,
				28B915731A1946B9001E3C7D /* SMAddNewLocationView.m in Sources */,
				28E99FE319B6CB2600E327DE /* SMAppDelegate.m in Sources */,
				28C5D36119F4B4AD00B8AE85 /* SMWeatherLocationsViewController.m in Sources */,
				28107BC81A26FDC200E3312A /* SMSwipeExplanationViewController.m in Sources */,
				28368D501A21B6F80070D392 /* SMDirectionsForPointingPhoneView.m in Sources */,
				288877191A2308B10023FFF1 /* SMAskForPermissionsView.m in Sources */,
				284339AC1A188A1400F2C1AC /* SMPlusShapeView.m in Sources */,
				284339A61A18895600F2C1AC /* SMExistingLocationsViewController.m in Sources */,
				288877101A2303C10023FFF1 /* SMDirectionsForAddingLocationsViewController.m in Sources */,
				28B915761A19473A001E3C7D /* SMCustomSearchUITextField.m in Sources */,
				2855422319D37D16003B9241 /* SMInitialLoadingView.m in Sources */,
				284339A91A18896E00F2C1AC /* SMExistingLocationsView.m in Sources */,
				281BE8041A1866EE008037E0 /* CLLocation+Bearing.m in Sources */,
				28B9156D1A190E3C001E3C7D /* SMExistingLocationTableViewCell.m in Sources */,
				288877131A2303D70023FFF1 /* SMDirectionsForAddingLocationsView.m in Sources */,
				280A792B19D0F4CC00B47F5F /* SMWeatherClient.m in Sources */,
				28C78F3819D1259F003D6F50 /* SMWeatherModel.m in Sources */,
				28368D4A1A21A1F10070D392 /* SMWelcomePageViewController.m in Sources */,
				28E99FE919B6CB2700E327DE /* SMViewController.m in Sources */,
				28368D4D1A21A2290070D392 /* SMWelcomeView.m in Sources */,
				28735EF119C007E10057DA64 /* SMBlurredCameraBackgroundView.m in Sources */,
				28978D4C1A0DDD83003C47E4 /* SMLocationModel.m in Sources */,
				28107BC51A26FDA700E3312A /* SMSwipeExplanationView.m in Sources */,
				28368D531A21B75F0070D392 /* SMDirectionsForPointingPhoneViewController.m in Sources */,
				2887D08C19FB410C003DB35F /* SMAddLocationsView.m in Sources */,
				28E99FDF19B6CB2500E327DE /* main.m in Sources */,
				28C78F3B19D12963003D6F50 /* SMWeatherInfo.m in Sources */,
				284339AF1A188B3D00F2C1AC /* UIColor+SMAugmentedRealityAppColors.m in Sources */,
				288877161A23089C0023FFF1 /* SMAskForPermissionsViewController.m in Sources */,
			);
			runOnlyForDeploymentPostprocessing = 0;
		};
		28E99FEC19B6CB2700E327DE /* Sources */ = {
			isa = PBXSourcesBuildPhase;
			buildActionMask = 2147483647;
			files = (
				28E99FFE19B6CB2900E327DE /* AugmentedRealityWeatherAppTests.m in Sources */,
			);
			runOnlyForDeploymentPostprocessing = 0;
		};
/* End PBXSourcesBuildPhase section */

/* Begin PBXTargetDependency section */
		28E99FF619B6CB2700E327DE /* PBXTargetDependency */ = {
			isa = PBXTargetDependency;
			target = 28E99FCE19B6CB2300E327DE /* AugmentedRealityWeatherApp */;
			targetProxy = 28E99FF519B6CB2700E327DE /* PBXContainerItemProxy */;
		};
/* End PBXTargetDependency section */

/* Begin PBXVariantGroup section */
		28E99FDB19B6CB2500E327DE /* InfoPlist.strings */ = {
			isa = PBXVariantGroup;
			children = (
				28E99FDC19B6CB2500E327DE /* en */,
			);
			name = InfoPlist.strings;
			sourceTree = "<group>";
		};
		28E99FE419B6CB2600E327DE /* Main.storyboard */ = {
			isa = PBXVariantGroup;
			children = (
				28E99FE519B6CB2600E327DE /* Base */,
			);
			name = Main.storyboard;
			sourceTree = "<group>";
		};
		28E99FFA19B6CB2900E327DE /* InfoPlist.strings */ = {
			isa = PBXVariantGroup;
			children = (
				28E99FFB19B6CB2900E327DE /* en */,
			);
			name = InfoPlist.strings;
			sourceTree = "<group>";
		};
/* End PBXVariantGroup section */

/* Begin XCBuildConfiguration section */
		28E99FFF19B6CB2900E327DE /* Debug */ = {
			isa = XCBuildConfiguration;
			buildSettings = {
				ALWAYS_SEARCH_USER_PATHS = NO;
				CLANG_CXX_LANGUAGE_STANDARD = "gnu++0x";
				CLANG_CXX_LIBRARY = "libc++";
				CLANG_ENABLE_MODULES = YES;
				CLANG_ENABLE_OBJC_ARC = YES;
				CLANG_WARN_BOOL_CONVERSION = YES;
				CLANG_WARN_CONSTANT_CONVERSION = YES;
				CLANG_WARN_DIRECT_OBJC_ISA_USAGE = YES_ERROR;
				CLANG_WARN_EMPTY_BODY = YES;
				CLANG_WARN_ENUM_CONVERSION = YES;
				CLANG_WARN_INT_CONVERSION = YES;
				CLANG_WARN_OBJC_ROOT_CLASS = YES_ERROR;
				CLANG_WARN__DUPLICATE_METHOD_MATCH = YES;
				"CODE_SIGN_IDENTITY[sdk=iphoneos*]" = "iPhone Developer";
				COPY_PHASE_STRIP = NO;
				GCC_C_LANGUAGE_STANDARD = gnu99;
				GCC_DYNAMIC_NO_PIC = NO;
				GCC_OPTIMIZATION_LEVEL = 0;
				GCC_PREPROCESSOR_DEFINITIONS = (
					"DEBUG=1",
					"$(inherited)",
				);
				GCC_SYMBOLS_PRIVATE_EXTERN = NO;
				GCC_WARN_64_TO_32_BIT_CONVERSION = YES;
				GCC_WARN_ABOUT_RETURN_TYPE = YES_ERROR;
				GCC_WARN_UNDECLARED_SELECTOR = YES;
				GCC_WARN_UNINITIALIZED_AUTOS = YES_AGGRESSIVE;
				GCC_WARN_UNUSED_FUNCTION = YES;
				GCC_WARN_UNUSED_VARIABLE = YES;
				IPHONEOS_DEPLOYMENT_TARGET = 7.1;
				ONLY_ACTIVE_ARCH = YES;
				SDKROOT = iphoneos;
			};
			name = Debug;
		};
		28E9A00019B6CB2900E327DE /* Release */ = {
			isa = XCBuildConfiguration;
			buildSettings = {
				ALWAYS_SEARCH_USER_PATHS = NO;
				CLANG_CXX_LANGUAGE_STANDARD = "gnu++0x";
				CLANG_CXX_LIBRARY = "libc++";
				CLANG_ENABLE_MODULES = YES;
				CLANG_ENABLE_OBJC_ARC = YES;
				CLANG_WARN_BOOL_CONVERSION = YES;
				CLANG_WARN_CONSTANT_CONVERSION = YES;
				CLANG_WARN_DIRECT_OBJC_ISA_USAGE = YES_ERROR;
				CLANG_WARN_EMPTY_BODY = YES;
				CLANG_WARN_ENUM_CONVERSION = YES;
				CLANG_WARN_INT_CONVERSION = YES;
				CLANG_WARN_OBJC_ROOT_CLASS = YES_ERROR;
				CLANG_WARN__DUPLICATE_METHOD_MATCH = YES;
				"CODE_SIGN_IDENTITY[sdk=iphoneos*]" = "iPhone Developer";
				COPY_PHASE_STRIP = YES;
				ENABLE_NS_ASSERTIONS = NO;
				GCC_C_LANGUAGE_STANDARD = gnu99;
				GCC_WARN_64_TO_32_BIT_CONVERSION = YES;
				GCC_WARN_ABOUT_RETURN_TYPE = YES_ERROR;
				GCC_WARN_UNDECLARED_SELECTOR = YES;
				GCC_WARN_UNINITIALIZED_AUTOS = YES_AGGRESSIVE;
				GCC_WARN_UNUSED_FUNCTION = YES;
				GCC_WARN_UNUSED_VARIABLE = YES;
				IPHONEOS_DEPLOYMENT_TARGET = 7.1;
				SDKROOT = iphoneos;
				VALIDATE_PRODUCT = YES;
			};
			name = Release;
		};
		28E9A00219B6CB2900E327DE /* Debug */ = {
			isa = XCBuildConfiguration;
			baseConfigurationReference = 0E91A5B7184E48D388EF6BB1 /* Pods.xcconfig */;
			buildSettings = {
				ASSETCATALOG_COMPILER_APPICON_NAME = AppIcon;
				ASSETCATALOG_COMPILER_LAUNCHIMAGE_NAME = LaunchImage;
				CODE_SIGN_IDENTITY = "iPhone Developer";
				FRAMEWORK_SEARCH_PATHS = (
					"$(inherited)",
					/Users/Shaun/Downloads/Video,
					Blurring,
					"$(PROJECT_DIR)/AugmentedRealityWeatherApp",
				);
				GCC_PRECOMPILE_PREFIX_HEADER = YES;
				GCC_PREFIX_HEADER = "AugmentedRealityWeatherApp/AugmentedRealityWeatherApp-Prefix.pch";
				INFOPLIST_FILE = "AugmentedRealityWeatherApp/AugmentedRealityWeatherApp-Info.plist";
				IPHONEOS_DEPLOYMENT_TARGET = 7.0;
				PRODUCT_NAME = "$(TARGET_NAME)";
				WRAPPER_EXTENSION = app;
			};
			name = Debug;
		};
		28E9A00319B6CB2900E327DE /* Release */ = {
			isa = XCBuildConfiguration;
			baseConfigurationReference = 0E91A5B7184E48D388EF6BB1 /* Pods.xcconfig */;
			buildSettings = {
				ASSETCATALOG_COMPILER_APPICON_NAME = AppIcon;
				ASSETCATALOG_COMPILER_LAUNCHIMAGE_NAME = LaunchImage;
				CODE_SIGN_IDENTITY = "iPhone Developer";
				FRAMEWORK_SEARCH_PATHS = (
					"$(inherited)",
					/Users/Shaun/Downloads/Video,
					Blurring,
					"$(PROJECT_DIR)/AugmentedRealityWeatherApp",
				);
				GCC_PRECOMPILE_PREFIX_HEADER = YES;
				GCC_PREFIX_HEADER = "AugmentedRealityWeatherApp/AugmentedRealityWeatherApp-Prefix.pch";
				INFOPLIST_FILE = "AugmentedRealityWeatherApp/AugmentedRealityWeatherApp-Info.plist";
				IPHONEOS_DEPLOYMENT_TARGET = 7.0;
				PRODUCT_NAME = "$(TARGET_NAME)";
				WRAPPER_EXTENSION = app;
			};
			name = Release;
		};
		28E9A00519B6CB2900E327DE /* Debug */ = {
			isa = XCBuildConfiguration;
			buildSettings = {
				BUNDLE_LOADER = "$(BUILT_PRODUCTS_DIR)/AugmentedRealityWeatherApp.app/AugmentedRealityWeatherApp";
				FRAMEWORK_SEARCH_PATHS = (
					"$(SDKROOT)/Developer/Library/Frameworks",
					"$(inherited)",
					"$(DEVELOPER_FRAMEWORKS_DIR)",
				);
				GCC_PRECOMPILE_PREFIX_HEADER = YES;
				GCC_PREFIX_HEADER = "AugmentedRealityWeatherApp/AugmentedRealityWeatherApp-Prefix.pch";
				GCC_PREPROCESSOR_DEFINITIONS = (
					"DEBUG=1",
					"$(inherited)",
				);
				INFOPLIST_FILE = "AugmentedRealityWeatherAppTests/AugmentedRealityWeatherAppTests-Info.plist";
				PRODUCT_NAME = "$(TARGET_NAME)";
				TEST_HOST = "$(BUNDLE_LOADER)";
				WRAPPER_EXTENSION = xctest;
			};
			name = Debug;
		};
		28E9A00619B6CB2900E327DE /* Release */ = {
			isa = XCBuildConfiguration;
			buildSettings = {
				BUNDLE_LOADER = "$(BUILT_PRODUCTS_DIR)/AugmentedRealityWeatherApp.app/AugmentedRealityWeatherApp";
				FRAMEWORK_SEARCH_PATHS = (
					"$(SDKROOT)/Developer/Library/Frameworks",
					"$(inherited)",
					"$(DEVELOPER_FRAMEWORKS_DIR)",
				);
				GCC_PRECOMPILE_PREFIX_HEADER = YES;
				GCC_PREFIX_HEADER = "AugmentedRealityWeatherApp/AugmentedRealityWeatherApp-Prefix.pch";
				INFOPLIST_FILE = "AugmentedRealityWeatherAppTests/AugmentedRealityWeatherAppTests-Info.plist";
				PRODUCT_NAME = "$(TARGET_NAME)";
				TEST_HOST = "$(BUNDLE_LOADER)";
				WRAPPER_EXTENSION = xctest;
			};
			name = Release;
		};
/* End XCBuildConfiguration section */

/* Begin XCConfigurationList section */
		28E99FCA19B6CB2300E327DE /* Build configuration list for PBXProject "AugmentedRealityWeatherApp" */ = {
			isa = XCConfigurationList;
			buildConfigurations = (
				28E99FFF19B6CB2900E327DE /* Debug */,
				28E9A00019B6CB2900E327DE /* Release */,
			);
			defaultConfigurationIsVisible = 0;
			defaultConfigurationName = Release;
		};
		28E9A00119B6CB2900E327DE /* Build configuration list for PBXNativeTarget "AugmentedRealityWeatherApp" */ = {
			isa = XCConfigurationList;
			buildConfigurations = (
				28E9A00219B6CB2900E327DE /* Debug */,
				28E9A00319B6CB2900E327DE /* Release */,
			);
			defaultConfigurationIsVisible = 0;
			defaultConfigurationName = Release;
		};
		28E9A00419B6CB2900E327DE /* Build configuration list for PBXNativeTarget "AugmentedRealityWeatherAppTests" */ = {
			isa = XCConfigurationList;
			buildConfigurations = (
				28E9A00519B6CB2900E327DE /* Debug */,
				28E9A00619B6CB2900E327DE /* Release */,
			);
			defaultConfigurationIsVisible = 0;
			defaultConfigurationName = Release;
		};
/* End XCConfigurationList section */
	};
	rootObject = 28E99FC719B6CB2300E327DE /* Project object */;
}
